
Microsoft Visual Studio Solution File, Format Version 12.00
# Visual Studio Version 16
VisualStudioVersion = 16.0.33214.272
MinimumVisualStudioVersion = 10.0.40219.1
Project("{8BC9CEB8-8B4A-11D0-8D11-00A0C91BC942}") = "아가리", "아가리.vcxproj", "{45816A06-5435-4FBA-B1A0-62678ADB61DA}"
EndProject
Global
	GlobalSection(SolutionConfigurationPlatforms) = preSolution
		Debug|x64 = Debug|x64
		Debug|x86 = Debug|x86
		Release|x64 = Release|x64
		Release|x86 = Release|x86
	EndGlobalSection
	GlobalSection(ProjectConfigurationPlatforms) = postSolution
		{45816A06-5435-4FBA-B1A0-62678ADB61DA}.Debug|x64.ActiveCfg = Debug|x64
		{45816A06-5435-4FBA-B1A0-62678ADB61DA}.Debug|x64.Build.0 = Debug|x64
		{45816A06-5435-4FBA-B1A0-62678ADB61DA}.Debug|x86.ActiveCfg = Debug|Win32
		{45816A06-5435-4FBA-B1A0-62678ADB61DA}.Debug|x86.Build.0 = Debug|Win32
		{45816A06-5435-4FBA-B1A0-62678ADB61DA}.Release|x64.ActiveCfg = Release|x64
		{45816A06-5435-4FBA-B1A0-62678ADB61DA}.Release|x64.Build.0 = Release|x64
		{45816A06-5435-4FBA-B1A0-62678ADB61DA}.Release|x86.ActiveCfg = Release|Win32
		{45816A06-5435-4FBA-B1A0-62678ADB61DA}.Release|x86.Build.0 = Release|Win32
	EndGlobalSection
	GlobalSection(SolutionProperties) = preSolution
		HideSolutionNode = FALSE
	EndGlobalSection
	GlobalSection(ExtensibilityGlobals) = postSolution
		SolutionGuid = {158F772E-EC53-4FCE-B6A8-01F8A8C20DE9}
	EndGlobalSection
EndGlobal
